
Microsoft Visual Studio Solution File, Format Version 12.00
# Visual Studio Version 17
VisualStudioVersion = 17.2.32519.379
MinimumVisualStudioVersion = 10.0.40219.1
Project("{2150E333-8FDC-42A3-9474-1A3956D46DE8}") = "src", "src", "{E8E89FEC-7525-4A90-9E89-7E424EA67C32}"
EndProject
Project("{9A19103F-16F7-4668-BE54-9A1E7A4F7556}") = "Proget", "src\Proget\src\Proget\Proget.csproj", "{20180269-DD35-431B-9AD2-248E1B8DB828}"
EndProject
Project("{9A19103F-16F7-4668-BE54-9A1E7A4F7556}") = "Proget.CQRS.Commands", "src\Proget.CQRS.Commands\src\Proget.CQRS.Commands\Proget.CQRS.Commands.csproj", "{DC05F4B2-28B3-4966-BB32-89FD828A61DC}"
EndProject
Project("{9A19103F-16F7-4668-BE54-9A1E7A4F7556}") = "Proget.Logging", "src\Proget.Logging\src\Proget.Logging\Proget.Logging.csproj", "{5952D569-754E-41B2-A463-76497EAEF574}"
EndProject
Project("{9A19103F-16F7-4668-BE54-9A1E7A4F7556}") = "Proget.Tests", "src\Proget.Tests\src\Proget.Tests\Proget.Tests.csproj", "{8547009B-CBE8-442B-BED8-1EDAB15BF219}"
EndProject
Project("{9A19103F-16F7-4668-BE54-9A1E7A4F7556}") = "Proget.Abstractions", "src\Proget.Abstractions\src\Proget.Abstractions\Proget.Abstractions.csproj", "{B05EF224-676F-43CD-B0AF-464B357F299D}"
EndProject
Project("{9A19103F-16F7-4668-BE54-9A1E7A4F7556}") = "Proget.CQRS.Queries", "src\Proget.CQRS.Queries\src\Proget.CQRS.Queries\Proget.CQRS.Queries.csproj", "{F3B13813-8390-43C5-9ED1-E378371CD76D}"
EndProject
Project("{9A19103F-16F7-4668-BE54-9A1E7A4F7556}") = "Proget.Assets", "src\Proget.Assets\src\Proget.Assets\Proget.Assets.csproj", "{97F61535-392C-4B16-BF67-4650D5BBBECA}"
EndProject
Project("{9A19103F-16F7-4668-BE54-9A1E7A4F7556}") = "Proget.Auth", "src\Proget.Auth\src\Proget.Auth\Proget.Auth.csproj", "{316C20AA-8100-47DC-B87E-41B6199C81E8}"
EndProject
Project("{9A19103F-16F7-4668-BE54-9A1E7A4F7556}") = "Proget.Validators", "src\Proget.Validators\src\Proget.Validators\Proget.Validators.csproj", "{9644F553-BAFB-4FF3-942F-B778E6CE293D}"
EndProject
Project("{9A19103F-16F7-4668-BE54-9A1E7A4F7556}") = "Proget.WebAPI", "src\Proget.WebAPI\src\Proget.WebAPI\Proget.WebAPI.csproj", "{3AEFFF56-0985-4112-BB7B-FD56A735DABB}"
EndProject
Project("{9A19103F-16F7-4668-BE54-9A1E7A4F7556}") = "Proget.CQRS.Events", "src\Proget.CQRS.Events\src\Proget.CQRS.Events\Proget.CQRS.Events.csproj", "{C4635FB8-F388-41C4-94B3-8743D4E5EF43}"
EndProject
Project("{9A19103F-16F7-4668-BE54-9A1E7A4F7556}") = "Proget.Cron", "src\Proget.Cron\src\Proget.Cron\Proget.Cron.csproj", "{4E56ABF0-F39A-4F02-A76A-08BB3B8DEF11}"
EndProject
Project("{9A19103F-16F7-4668-BE54-9A1E7A4F7556}") = "Proget.CQRS.Logging", "src\Proget.CQRS.Logging\src\Proget.CQRS.Logging\Proget.CQRS.Logging.csproj", "{C382303C-3701-41AF-A9F0-2945FEF4DAA3}"
EndProject
Project("{9A19103F-16F7-4668-BE54-9A1E7A4F7556}") = "Proget.ORM.EntityFramework", "src\Proget.ORM.EntityFramework\src\Proget.ORM.EntityFramework\Proget.ORM.EntityFramework.csproj", "{DD9EE461-34A3-4620-95E6-8EEC44822C30}"
EndProject
Project("{9A19103F-16F7-4668-BE54-9A1E7A4F7556}") = "Proget.Messaging", "src\Proget.Messaging\src\Proget.Messaging\Proget.Messaging.csproj", "{820F5BCA-1CCB-4E94-81C5-5D372AF6FF92}"
EndProject
Project("{9A19103F-16F7-4668-BE54-9A1E7A4F7556}") = "Proget.Messaging.Email", "src\Proget.Messaging.Email\src\Proget.Messaging.Email\Proget.Messaging.Email.csproj", "{55B10F8A-5FEE-4FC0-AF34-4C4C5A151B15}"
EndProject
Project("{9A19103F-16F7-4668-BE54-9A1E7A4F7556}") = "Proget.Messaging.Email.Smtp", "src\Proget.Messaging.Email.Smtp\src\Proget.Messaging.Email.Smtp\Proget.Messaging.Email.Smtp.csproj", "{61F89303-FCEF-457E-A8B4-3E8ED622B006}"
EndProject
Project("{9A19103F-16F7-4668-BE54-9A1E7A4F7556}") = "Proget.Messaging.SMSApi", "src\Proget.Messaging.SMSApi\src\Proget.Messaging.SMSApi\Proget.Messaging.SMSApi.csproj", "{51115287-4551-4B23-ACF0-5BFD89C62E57}"
EndProject
Project("{2150E333-8FDC-42A3-9474-1A3956D46DE8}") = "Proget.Messaging.InMemory", "Proget.Messaging.InMemory", "{85E89D6A-2496-4D04-BEE1-F7D39C1DD7B8}"
EndProject
Project("{2150E333-8FDC-42A3-9474-1A3956D46DE8}") = "src", "src", "{2621A32C-F2CB-4087-ABDE-65F2F26B5F86}"
EndProject
Project("{9A19103F-16F7-4668-BE54-9A1E7A4F7556}") = "Proget.Messaging.InMemory", "src\Proget.Messaging.InMemory\src\Proget.Messaging.InMemory\Proget.Messaging.InMemory.csproj", "{6582A5D1-03FD-4BD6-9446-77948707A4B8}"
EndProject
Project("{9A19103F-16F7-4668-BE54-9A1E7A4F7556}") = "Proget.Messaging.Email.SendGrid", "src\Proget.Messaging.Email.SendGrid\src\Proget.Messaging.Email.SendGrid\Proget.Messaging.Email.SendGrid.csproj", "{D7E93662-A06A-4741-A05E-B2AE19C84411}"
EndProject
Project("{2150E333-8FDC-42A3-9474-1A3956D46DE8}") = "Proget.Messaging.Outbox", "Proget.Messaging.Outbox", "{EF217043-9025-499D-99B7-BAA433CBE19C}"
EndProject
Project("{2150E333-8FDC-42A3-9474-1A3956D46DE8}") = "src", "src", "{1C75EBF0-D99C-46FF-9687-8A2DC2215830}"
EndProject
Project("{9A19103F-16F7-4668-BE54-9A1E7A4F7556}") = "Proget.Messaging.Outbox", "src\Proget.Messaging.Outbox\src\Proget.Messaging.Outbox\Proget.Messaging.Outbox.csproj", "{5BA0C87B-2085-426D-B5C3-A858386BBBE6}"
EndProject
Project("{2150E333-8FDC-42A3-9474-1A3956D46DE8}") = "Proget.Messaging.Brokers.RabbitMq", "Proget.Messaging.Brokers.RabbitMq", "{6FEDA553-E7E9-4E43-85B7-4F9E4E8510EF}"
EndProject
Project("{2150E333-8FDC-42A3-9474-1A3956D46DE8}") = "src", "src", "{3C828F59-8F5B-46BD-A0D3-E53B440603B8}"
EndProject
Project("{9A19103F-16F7-4668-BE54-9A1E7A4F7556}") = "Proget.Messaging.Brokers.RabbitMq", "src\Proget.Messaging.Brokers.RabbitMq\src\Proget.Messaging.Brokers.RabbitMq\Proget.Messaging.Brokers.RabbitMq.csproj", "{16228BE5-08EA-4C49-B1F7-02D96FBD88D6}"
EndProject
Project("{FAE04EC0-301F-11D3-BF4B-00C04F79EFBC}") = "Proget.Assets.Amazon", "src\Proget.Assets.Amazon\src\Proget.Assets.Amazon\Proget.Assets.Amazon.csproj", "{DA65EBE4-6937-4CAD-B0F5-0812F7BB7979}"
EndProject
Project("{FAE04EC0-301F-11D3-BF4B-00C04F79EFBC}") = "Proget.Assets.Azure", "src\Proget.Assets.Azure\src\Proget.Assets.Azure\Proget.Assets.Azure.csproj", "{34238B1B-3AC1-4986-AD13-83D5E959E94B}"
EndProject
Project("{FAE04EC0-301F-11D3-BF4B-00C04F79EFBC}") = "Proget.Assets.File", "src\Proget.Assets.File\src\Proget.Assets.File\Proget.Assets.File.csproj", "{A0F23A78-ABB3-4A49-AA28-E094688AC78F}"
EndProject
Project("{FAE04EC0-301F-11D3-BF4B-00C04F79EFBC}") = "Proget.Assets.Google", "src\Proget.Assets.Google\src\Proget.Assets.Google\Proget.Assets.Google.csproj", "{A06E41D6-672E-4BAD-90F4-37994B4AD7A7}"
EndProject
Project("{2150E333-8FDC-42A3-9474-1A3956D46DE8}") = "Proget.Messaging.CQRS", "Proget.Messaging.CQRS", "{D86F1B2A-FA2D-4A7C-90BF-1310B216273F}"
EndProject
Project("{2150E333-8FDC-42A3-9474-1A3956D46DE8}") = "src", "src", "{573BC0B0-8B7E-409F-9280-CE2A2A0F9757}"
EndProject
Project("{FAE04EC0-301F-11D3-BF4B-00C04F79EFBC}") = "Proget.Messaging.CQRS", "src\Proget.Messaging.CQRS\src\Proget.Messaging.CQRS\Proget.Messaging.CQRS.csproj", "{4B9963ED-214D-4C1D-BDE9-809C6CF2EA5B}"
EndProject
Project("{2150E333-8FDC-42A3-9474-1A3956D46DE8}") = "Proget.ModularMonolith", "Proget.ModularMonolith", "{F3DC7E60-03E3-4E01-9438-B454835FF6AF}"
EndProject
Project("{2150E333-8FDC-42A3-9474-1A3956D46DE8}") = "src", "src", "{41E480C6-0BF1-458A-BFFE-43023D20064B}"
EndProject
Project("{FAE04EC0-301F-11D3-BF4B-00C04F79EFBC}") = "Proget.ModularMonolith", "src\Proget.ModularMonolith\src\Proget.ModularMonolith\Proget.ModularMonolith.csproj", "{2C4FC3BA-5586-412F-B7FE-9E6769C99FDE}"
EndProject
Project("{2150E333-8FDC-42A3-9474-1A3956D46DE8}") = "Proget.Identity", "Proget.Identity", "{ED05D727-CC97-4936-BE31-E02F4D49F1F5}"
EndProject
Project("{2150E333-8FDC-42A3-9474-1A3956D46DE8}") = "src", "src", "{CECE2C00-56F9-47B2-AA77-8829BE373B83}"
EndProject
Project("{FAE04EC0-301F-11D3-BF4B-00C04F79EFBC}") = "Proget.Identity", "src\Proget.Identity\src\Proget.Identity\Proget.Identity.csproj", "{56C022A1-9015-486C-9395-33A645FBAA9E}"
EndProject
Project("{2150E333-8FDC-42A3-9474-1A3956D46DE8}") = "Proget.ORM", "Proget.ORM", "{80E2E78B-A82D-40C0-8DD7-87783D008D06}"
EndProject
Project("{2150E333-8FDC-42A3-9474-1A3956D46DE8}") = "src", "src", "{58866893-B3F1-474D-80C1-3A9B7A565142}"
EndProject
Project("{FAE04EC0-301F-11D3-BF4B-00C04F79EFBC}") = "Proget.ORM", "src\Proget.ORM\src\Proget.ORM\Proget.ORM.csproj", "{2463D5F3-04D2-4BF2-94D1-F5EAE2A4BFFB}"
EndProject
Project("{2150E333-8FDC-42A3-9474-1A3956D46DE8}") = "Proget.ORM.Mongo", "Proget.ORM.Mongo", "{40351A57-A6FE-4C74-A427-ACF1F976A0B4}"
EndProject
Project("{2150E333-8FDC-42A3-9474-1A3956D46DE8}") = "src", "src", "{E142F455-5B14-47F3-B749-2AE074AE1604}"
EndProject
Project("{FAE04EC0-301F-11D3-BF4B-00C04F79EFBC}") = "Proget.ORM.Mongo", "src\Proget.ORM.Mongo\src\Proget.ORM.Mongo\Proget.ORM.Mongo.csproj", "{85C7B322-0676-499C-B0B0-C17F2CE431FC}"
EndProject
Global
	GlobalSection(SolutionConfigurationPlatforms) = preSolution
		Debug|Any CPU = Debug|Any CPU
		Release|Any CPU = Release|Any CPU
	EndGlobalSection
	GlobalSection(ProjectConfigurationPlatforms) = postSolution
		{20180269-DD35-431B-9AD2-248E1B8DB828}.Debug|Any CPU.ActiveCfg = Debug|Any CPU
		{20180269-DD35-431B-9AD2-248E1B8DB828}.Debug|Any CPU.Build.0 = Debug|Any CPU
		{20180269-DD35-431B-9AD2-248E1B8DB828}.Release|Any CPU.ActiveCfg = Release|Any CPU
		{20180269-DD35-431B-9AD2-248E1B8DB828}.Release|Any CPU.Build.0 = Release|Any CPU
		{DC05F4B2-28B3-4966-BB32-89FD828A61DC}.Debug|Any CPU.ActiveCfg = Debug|Any CPU
		{DC05F4B2-28B3-4966-BB32-89FD828A61DC}.Debug|Any CPU.Build.0 = Debug|Any CPU
		{DC05F4B2-28B3-4966-BB32-89FD828A61DC}.Release|Any CPU.ActiveCfg = Release|Any CPU
		{DC05F4B2-28B3-4966-BB32-89FD828A61DC}.Release|Any CPU.Build.0 = Release|Any CPU
		{5952D569-754E-41B2-A463-76497EAEF574}.Debug|Any CPU.ActiveCfg = Debug|Any CPU
		{5952D569-754E-41B2-A463-76497EAEF574}.Debug|Any CPU.Build.0 = Debug|Any CPU
		{5952D569-754E-41B2-A463-76497EAEF574}.Release|Any CPU.ActiveCfg = Release|Any CPU
		{5952D569-754E-41B2-A463-76497EAEF574}.Release|Any CPU.Build.0 = Release|Any CPU
		{8547009B-CBE8-442B-BED8-1EDAB15BF219}.Debug|Any CPU.ActiveCfg = Debug|Any CPU
		{8547009B-CBE8-442B-BED8-1EDAB15BF219}.Debug|Any CPU.Build.0 = Debug|Any CPU
		{8547009B-CBE8-442B-BED8-1EDAB15BF219}.Release|Any CPU.ActiveCfg = Release|Any CPU
		{8547009B-CBE8-442B-BED8-1EDAB15BF219}.Release|Any CPU.Build.0 = Release|Any CPU
		{B05EF224-676F-43CD-B0AF-464B357F299D}.Debug|Any CPU.ActiveCfg = Debug|Any CPU
		{B05EF224-676F-43CD-B0AF-464B357F299D}.Debug|Any CPU.Build.0 = Debug|Any CPU
		{B05EF224-676F-43CD-B0AF-464B357F299D}.Release|Any CPU.ActiveCfg = Release|Any CPU
		{B05EF224-676F-43CD-B0AF-464B357F299D}.Release|Any CPU.Build.0 = Release|Any CPU
		{F3B13813-8390-43C5-9ED1-E378371CD76D}.Debug|Any CPU.ActiveCfg = Debug|Any CPU
		{F3B13813-8390-43C5-9ED1-E378371CD76D}.Debug|Any CPU.Build.0 = Debug|Any CPU
		{F3B13813-8390-43C5-9ED1-E378371CD76D}.Release|Any CPU.ActiveCfg = Release|Any CPU
		{F3B13813-8390-43C5-9ED1-E378371CD76D}.Release|Any CPU.Build.0 = Release|Any CPU
		{97F61535-392C-4B16-BF67-4650D5BBBECA}.Debug|Any CPU.ActiveCfg = Debug|Any CPU
		{97F61535-392C-4B16-BF67-4650D5BBBECA}.Debug|Any CPU.Build.0 = Debug|Any CPU
		{97F61535-392C-4B16-BF67-4650D5BBBECA}.Release|Any CPU.ActiveCfg = Release|Any CPU
		{97F61535-392C-4B16-BF67-4650D5BBBECA}.Release|Any CPU.Build.0 = Release|Any CPU
		{316C20AA-8100-47DC-B87E-41B6199C81E8}.Debug|Any CPU.ActiveCfg = Debug|Any CPU
		{316C20AA-8100-47DC-B87E-41B6199C81E8}.Debug|Any CPU.Build.0 = Debug|Any CPU
		{316C20AA-8100-47DC-B87E-41B6199C81E8}.Release|Any CPU.ActiveCfg = Release|Any CPU
		{316C20AA-8100-47DC-B87E-41B6199C81E8}.Release|Any CPU.Build.0 = Release|Any CPU
		{9644F553-BAFB-4FF3-942F-B778E6CE293D}.Debug|Any CPU.ActiveCfg = Debug|Any CPU
		{9644F553-BAFB-4FF3-942F-B778E6CE293D}.Debug|Any CPU.Build.0 = Debug|Any CPU
		{9644F553-BAFB-4FF3-942F-B778E6CE293D}.Release|Any CPU.ActiveCfg = Release|Any CPU
		{9644F553-BAFB-4FF3-942F-B778E6CE293D}.Release|Any CPU.Build.0 = Release|Any CPU
		{3AEFFF56-0985-4112-BB7B-FD56A735DABB}.Debug|Any CPU.ActiveCfg = Debug|Any CPU
		{3AEFFF56-0985-4112-BB7B-FD56A735DABB}.Debug|Any CPU.Build.0 = Debug|Any CPU
		{3AEFFF56-0985-4112-BB7B-FD56A735DABB}.Release|Any CPU.ActiveCfg = Release|Any CPU
		{3AEFFF56-0985-4112-BB7B-FD56A735DABB}.Release|Any CPU.Build.0 = Release|Any CPU
		{C4635FB8-F388-41C4-94B3-8743D4E5EF43}.Debug|Any CPU.ActiveCfg = Debug|Any CPU
		{C4635FB8-F388-41C4-94B3-8743D4E5EF43}.Debug|Any CPU.Build.0 = Debug|Any CPU
		{C4635FB8-F388-41C4-94B3-8743D4E5EF43}.Release|Any CPU.ActiveCfg = Release|Any CPU
		{C4635FB8-F388-41C4-94B3-8743D4E5EF43}.Release|Any CPU.Build.0 = Release|Any CPU
		{4E56ABF0-F39A-4F02-A76A-08BB3B8DEF11}.Debug|Any CPU.ActiveCfg = Debug|Any CPU
		{4E56ABF0-F39A-4F02-A76A-08BB3B8DEF11}.Debug|Any CPU.Build.0 = Debug|Any CPU
		{4E56ABF0-F39A-4F02-A76A-08BB3B8DEF11}.Release|Any CPU.ActiveCfg = Release|Any CPU
		{4E56ABF0-F39A-4F02-A76A-08BB3B8DEF11}.Release|Any CPU.Build.0 = Release|Any CPU
		{C382303C-3701-41AF-A9F0-2945FEF4DAA3}.Debug|Any CPU.ActiveCfg = Debug|Any CPU
		{C382303C-3701-41AF-A9F0-2945FEF4DAA3}.Debug|Any CPU.Build.0 = Debug|Any CPU
		{C382303C-3701-41AF-A9F0-2945FEF4DAA3}.Release|Any CPU.ActiveCfg = Release|Any CPU
		{C382303C-3701-41AF-A9F0-2945FEF4DAA3}.Release|Any CPU.Build.0 = Release|Any CPU
		{DD9EE461-34A3-4620-95E6-8EEC44822C30}.Debug|Any CPU.ActiveCfg = Debug|Any CPU
		{DD9EE461-34A3-4620-95E6-8EEC44822C30}.Debug|Any CPU.Build.0 = Debug|Any CPU
		{DD9EE461-34A3-4620-95E6-8EEC44822C30}.Release|Any CPU.ActiveCfg = Release|Any CPU
		{DD9EE461-34A3-4620-95E6-8EEC44822C30}.Release|Any CPU.Build.0 = Release|Any CPU
		{820F5BCA-1CCB-4E94-81C5-5D372AF6FF92}.Debug|Any CPU.ActiveCfg = Debug|Any CPU
		{820F5BCA-1CCB-4E94-81C5-5D372AF6FF92}.Debug|Any CPU.Build.0 = Debug|Any CPU
		{820F5BCA-1CCB-4E94-81C5-5D372AF6FF92}.Release|Any CPU.ActiveCfg = Release|Any CPU
		{820F5BCA-1CCB-4E94-81C5-5D372AF6FF92}.Release|Any CPU.Build.0 = Release|Any CPU
		{55B10F8A-5FEE-4FC0-AF34-4C4C5A151B15}.Debug|Any CPU.ActiveCfg = Debug|Any CPU
		{55B10F8A-5FEE-4FC0-AF34-4C4C5A151B15}.Debug|Any CPU.Build.0 = Debug|Any CPU
		{55B10F8A-5FEE-4FC0-AF34-4C4C5A151B15}.Release|Any CPU.ActiveCfg = Release|Any CPU
		{55B10F8A-5FEE-4FC0-AF34-4C4C5A151B15}.Release|Any CPU.Build.0 = Release|Any CPU
		{61F89303-FCEF-457E-A8B4-3E8ED622B006}.Debug|Any CPU.ActiveCfg = Debug|Any CPU
		{61F89303-FCEF-457E-A8B4-3E8ED622B006}.Debug|Any CPU.Build.0 = Debug|Any CPU
		{61F89303-FCEF-457E-A8B4-3E8ED622B006}.Release|Any CPU.ActiveCfg = Release|Any CPU
		{61F89303-FCEF-457E-A8B4-3E8ED622B006}.Release|Any CPU.Build.0 = Release|Any CPU
		{51115287-4551-4B23-ACF0-5BFD89C62E57}.Debug|Any CPU.ActiveCfg = Debug|Any CPU
		{51115287-4551-4B23-ACF0-5BFD89C62E57}.Debug|Any CPU.Build.0 = Debug|Any CPU
		{51115287-4551-4B23-ACF0-5BFD89C62E57}.Release|Any CPU.ActiveCfg = Release|Any CPU
		{51115287-4551-4B23-ACF0-5BFD89C62E57}.Release|Any CPU.Build.0 = Release|Any CPU
		{6582A5D1-03FD-4BD6-9446-77948707A4B8}.Debug|Any CPU.ActiveCfg = Debug|Any CPU
		{6582A5D1-03FD-4BD6-9446-77948707A4B8}.Debug|Any CPU.Build.0 = Debug|Any CPU
		{6582A5D1-03FD-4BD6-9446-77948707A4B8}.Release|Any CPU.ActiveCfg = Release|Any CPU
		{6582A5D1-03FD-4BD6-9446-77948707A4B8}.Release|Any CPU.Build.0 = Release|Any CPU
		{D7E93662-A06A-4741-A05E-B2AE19C84411}.Debug|Any CPU.ActiveCfg = Debug|Any CPU
		{D7E93662-A06A-4741-A05E-B2AE19C84411}.Debug|Any CPU.Build.0 = Debug|Any CPU
		{D7E93662-A06A-4741-A05E-B2AE19C84411}.Release|Any CPU.ActiveCfg = Release|Any CPU
		{D7E93662-A06A-4741-A05E-B2AE19C84411}.Release|Any CPU.Build.0 = Release|Any CPU
		{5BA0C87B-2085-426D-B5C3-A858386BBBE6}.Debug|Any CPU.ActiveCfg = Debug|Any CPU
		{5BA0C87B-2085-426D-B5C3-A858386BBBE6}.Debug|Any CPU.Build.0 = Debug|Any CPU
		{5BA0C87B-2085-426D-B5C3-A858386BBBE6}.Release|Any CPU.ActiveCfg = Release|Any CPU
		{5BA0C87B-2085-426D-B5C3-A858386BBBE6}.Release|Any CPU.Build.0 = Release|Any CPU
		{16228BE5-08EA-4C49-B1F7-02D96FBD88D6}.Debug|Any CPU.ActiveCfg = Debug|Any CPU
		{16228BE5-08EA-4C49-B1F7-02D96FBD88D6}.Debug|Any CPU.Build.0 = Debug|Any CPU
		{16228BE5-08EA-4C49-B1F7-02D96FBD88D6}.Release|Any CPU.ActiveCfg = Release|Any CPU
		{16228BE5-08EA-4C49-B1F7-02D96FBD88D6}.Release|Any CPU.Build.0 = Release|Any CPU
		{DA65EBE4-6937-4CAD-B0F5-0812F7BB7979}.Debug|Any CPU.ActiveCfg = Debug|Any CPU
		{DA65EBE4-6937-4CAD-B0F5-0812F7BB7979}.Debug|Any CPU.Build.0 = Debug|Any CPU
		{DA65EBE4-6937-4CAD-B0F5-0812F7BB7979}.Release|Any CPU.ActiveCfg = Release|Any CPU
		{DA65EBE4-6937-4CAD-B0F5-0812F7BB7979}.Release|Any CPU.Build.0 = Release|Any CPU
		{34238B1B-3AC1-4986-AD13-83D5E959E94B}.Debug|Any CPU.ActiveCfg = Debug|Any CPU
		{34238B1B-3AC1-4986-AD13-83D5E959E94B}.Debug|Any CPU.Build.0 = Debug|Any CPU
		{34238B1B-3AC1-4986-AD13-83D5E959E94B}.Release|Any CPU.ActiveCfg = Release|Any CPU
		{34238B1B-3AC1-4986-AD13-83D5E959E94B}.Release|Any CPU.Build.0 = Release|Any CPU
		{A0F23A78-ABB3-4A49-AA28-E094688AC78F}.Debug|Any CPU.ActiveCfg = Debug|Any CPU
		{A0F23A78-ABB3-4A49-AA28-E094688AC78F}.Debug|Any CPU.Build.0 = Debug|Any CPU
		{A0F23A78-ABB3-4A49-AA28-E094688AC78F}.Release|Any CPU.ActiveCfg = Release|Any CPU
		{A0F23A78-ABB3-4A49-AA28-E094688AC78F}.Release|Any CPU.Build.0 = Release|Any CPU
		{A06E41D6-672E-4BAD-90F4-37994B4AD7A7}.Debug|Any CPU.ActiveCfg = Debug|Any CPU
		{A06E41D6-672E-4BAD-90F4-37994B4AD7A7}.Debug|Any CPU.Build.0 = Debug|Any CPU
		{A06E41D6-672E-4BAD-90F4-37994B4AD7A7}.Release|Any CPU.ActiveCfg = Release|Any CPU
		{A06E41D6-672E-4BAD-90F4-37994B4AD7A7}.Release|Any CPU.Build.0 = Release|Any CPU
		{4B9963ED-214D-4C1D-BDE9-809C6CF2EA5B}.Debug|Any CPU.ActiveCfg = Debug|Any CPU
		{4B9963ED-214D-4C1D-BDE9-809C6CF2EA5B}.Debug|Any CPU.Build.0 = Debug|Any CPU
		{4B9963ED-214D-4C1D-BDE9-809C6CF2EA5B}.Release|Any CPU.ActiveCfg = Release|Any CPU
		{4B9963ED-214D-4C1D-BDE9-809C6CF2EA5B}.Release|Any CPU.Build.0 = Release|Any CPU
		{2C4FC3BA-5586-412F-B7FE-9E6769C99FDE}.Debug|Any CPU.ActiveCfg = Debug|Any CPU
		{2C4FC3BA-5586-412F-B7FE-9E6769C99FDE}.Debug|Any CPU.Build.0 = Debug|Any CPU
		{2C4FC3BA-5586-412F-B7FE-9E6769C99FDE}.Release|Any CPU.ActiveCfg = Release|Any CPU
		{2C4FC3BA-5586-412F-B7FE-9E6769C99FDE}.Release|Any CPU.Build.0 = Release|Any CPU
		{56C022A1-9015-486C-9395-33A645FBAA9E}.Debug|Any CPU.ActiveCfg = Debug|Any CPU
		{56C022A1-9015-486C-9395-33A645FBAA9E}.Debug|Any CPU.Build.0 = Debug|Any CPU
		{56C022A1-9015-486C-9395-33A645FBAA9E}.Release|Any CPU.ActiveCfg = Release|Any CPU
		{56C022A1-9015-486C-9395-33A645FBAA9E}.Release|Any CPU.Build.0 = Release|Any CPU
		{2463D5F3-04D2-4BF2-94D1-F5EAE2A4BFFB}.Debug|Any CPU.ActiveCfg = Debug|Any CPU
		{2463D5F3-04D2-4BF2-94D1-F5EAE2A4BFFB}.Debug|Any CPU.Build.0 = Debug|Any CPU
		{2463D5F3-04D2-4BF2-94D1-F5EAE2A4BFFB}.Release|Any CPU.ActiveCfg = Release|Any CPU
		{2463D5F3-04D2-4BF2-94D1-F5EAE2A4BFFB}.Release|Any CPU.Build.0 = Release|Any CPU
		{85C7B322-0676-499C-B0B0-C17F2CE431FC}.Debug|Any CPU.ActiveCfg = Debug|Any CPU
		{85C7B322-0676-499C-B0B0-C17F2CE431FC}.Debug|Any CPU.Build.0 = Debug|Any CPU
		{85C7B322-0676-499C-B0B0-C17F2CE431FC}.Release|Any CPU.ActiveCfg = Release|Any CPU
		{85C7B322-0676-499C-B0B0-C17F2CE431FC}.Release|Any CPU.Build.0 = Release|Any CPU
	EndGlobalSection
	GlobalSection(SolutionProperties) = preSolution
		HideSolutionNode = FALSE
	EndGlobalSection
	GlobalSection(NestedProjects) = preSolution
		{20180269-DD35-431B-9AD2-248E1B8DB828} = {E8E89FEC-7525-4A90-9E89-7E424EA67C32}
		{DC05F4B2-28B3-4966-BB32-89FD828A61DC} = {E8E89FEC-7525-4A90-9E89-7E424EA67C32}
		{5952D569-754E-41B2-A463-76497EAEF574} = {E8E89FEC-7525-4A90-9E89-7E424EA67C32}
		{8547009B-CBE8-442B-BED8-1EDAB15BF219} = {E8E89FEC-7525-4A90-9E89-7E424EA67C32}
		{B05EF224-676F-43CD-B0AF-464B357F299D} = {E8E89FEC-7525-4A90-9E89-7E424EA67C32}
		{F3B13813-8390-43C5-9ED1-E378371CD76D} = {E8E89FEC-7525-4A90-9E89-7E424EA67C32}
		{97F61535-392C-4B16-BF67-4650D5BBBECA} = {E8E89FEC-7525-4A90-9E89-7E424EA67C32}
		{316C20AA-8100-47DC-B87E-41B6199C81E8} = {E8E89FEC-7525-4A90-9E89-7E424EA67C32}
		{9644F553-BAFB-4FF3-942F-B778E6CE293D} = {E8E89FEC-7525-4A90-9E89-7E424EA67C32}
		{3AEFFF56-0985-4112-BB7B-FD56A735DABB} = {E8E89FEC-7525-4A90-9E89-7E424EA67C32}
		{C4635FB8-F388-41C4-94B3-8743D4E5EF43} = {E8E89FEC-7525-4A90-9E89-7E424EA67C32}
		{4E56ABF0-F39A-4F02-A76A-08BB3B8DEF11} = {E8E89FEC-7525-4A90-9E89-7E424EA67C32}
		{C382303C-3701-41AF-A9F0-2945FEF4DAA3} = {E8E89FEC-7525-4A90-9E89-7E424EA67C32}
		{DD9EE461-34A3-4620-95E6-8EEC44822C30} = {E8E89FEC-7525-4A90-9E89-7E424EA67C32}
		{820F5BCA-1CCB-4E94-81C5-5D372AF6FF92} = {E8E89FEC-7525-4A90-9E89-7E424EA67C32}
		{55B10F8A-5FEE-4FC0-AF34-4C4C5A151B15} = {E8E89FEC-7525-4A90-9E89-7E424EA67C32}
		{61F89303-FCEF-457E-A8B4-3E8ED622B006} = {E8E89FEC-7525-4A90-9E89-7E424EA67C32}
		{51115287-4551-4B23-ACF0-5BFD89C62E57} = {E8E89FEC-7525-4A90-9E89-7E424EA67C32}
		{85E89D6A-2496-4D04-BEE1-F7D39C1DD7B8} = {E8E89FEC-7525-4A90-9E89-7E424EA67C32}
		{2621A32C-F2CB-4087-ABDE-65F2F26B5F86} = {85E89D6A-2496-4D04-BEE1-F7D39C1DD7B8}
		{6582A5D1-03FD-4BD6-9446-77948707A4B8} = {2621A32C-F2CB-4087-ABDE-65F2F26B5F86}
		{D7E93662-A06A-4741-A05E-B2AE19C84411} = {E8E89FEC-7525-4A90-9E89-7E424EA67C32}
		{EF217043-9025-499D-99B7-BAA433CBE19C} = {E8E89FEC-7525-4A90-9E89-7E424EA67C32}
		{1C75EBF0-D99C-46FF-9687-8A2DC2215830} = {EF217043-9025-499D-99B7-BAA433CBE19C}
		{5BA0C87B-2085-426D-B5C3-A858386BBBE6} = {1C75EBF0-D99C-46FF-9687-8A2DC2215830}
		{6FEDA553-E7E9-4E43-85B7-4F9E4E8510EF} = {E8E89FEC-7525-4A90-9E89-7E424EA67C32}
		{3C828F59-8F5B-46BD-A0D3-E53B440603B8} = {6FEDA553-E7E9-4E43-85B7-4F9E4E8510EF}
		{16228BE5-08EA-4C49-B1F7-02D96FBD88D6} = {3C828F59-8F5B-46BD-A0D3-E53B440603B8}
		{DA65EBE4-6937-4CAD-B0F5-0812F7BB7979} = {E8E89FEC-7525-4A90-9E89-7E424EA67C32}
		{34238B1B-3AC1-4986-AD13-83D5E959E94B} = {E8E89FEC-7525-4A90-9E89-7E424EA67C32}
		{A0F23A78-ABB3-4A49-AA28-E094688AC78F} = {E8E89FEC-7525-4A90-9E89-7E424EA67C32}
		{A06E41D6-672E-4BAD-90F4-37994B4AD7A7} = {E8E89FEC-7525-4A90-9E89-7E424EA67C32}
		{D86F1B2A-FA2D-4A7C-90BF-1310B216273F} = {E8E89FEC-7525-4A90-9E89-7E424EA67C32}
		{573BC0B0-8B7E-409F-9280-CE2A2A0F9757} = {D86F1B2A-FA2D-4A7C-90BF-1310B216273F}
		{4B9963ED-214D-4C1D-BDE9-809C6CF2EA5B} = {573BC0B0-8B7E-409F-9280-CE2A2A0F9757}
		{F3DC7E60-03E3-4E01-9438-B454835FF6AF} = {E8E89FEC-7525-4A90-9E89-7E424EA67C32}
		{41E480C6-0BF1-458A-BFFE-43023D20064B} = {F3DC7E60-03E3-4E01-9438-B454835FF6AF}
		{2C4FC3BA-5586-412F-B7FE-9E6769C99FDE} = {41E480C6-0BF1-458A-BFFE-43023D20064B}
		{ED05D727-CC97-4936-BE31-E02F4D49F1F5} = {E8E89FEC-7525-4A90-9E89-7E424EA67C32}
		{CECE2C00-56F9-47B2-AA77-8829BE373B83} = {ED05D727-CC97-4936-BE31-E02F4D49F1F5}
		{56C022A1-9015-486C-9395-33A645FBAA9E} = {CECE2C00-56F9-47B2-AA77-8829BE373B83}
		{80E2E78B-A82D-40C0-8DD7-87783D008D06} = {E8E89FEC-7525-4A90-9E89-7E424EA67C32}
		{58866893-B3F1-474D-80C1-3A9B7A565142} = {80E2E78B-A82D-40C0-8DD7-87783D008D06}
		{2463D5F3-04D2-4BF2-94D1-F5EAE2A4BFFB} = {58866893-B3F1-474D-80C1-3A9B7A565142}
		{40351A57-A6FE-4C74-A427-ACF1F976A0B4} = {E8E89FEC-7525-4A90-9E89-7E424EA67C32}
		{E142F455-5B14-47F3-B749-2AE074AE1604} = {40351A57-A6FE-4C74-A427-ACF1F976A0B4}
		{85C7B322-0676-499C-B0B0-C17F2CE431FC} = {E142F455-5B14-47F3-B749-2AE074AE1604}
	EndGlobalSection
	GlobalSection(ExtensibilityGlobals) = postSolution
		SolutionGuid = {36EFC3EF-5619-4111-9D3D-E1D93329C6AE}
	EndGlobalSection
EndGlobal
