
Microsoft Visual Studio Solution File, Format Version 12.00
# Visual Studio Version 17
VisualStudioVersion = 17.0.31903.59
MinimumVisualStudioVersion = 10.0.40219.1
Project("{2150E333-8FDC-42A3-9474-1A3956D46DE8}") = "src", "src", "{373F561B-D7F5-4798-9B0F-674161D49916}"
EndProject
Project("{2150E333-8FDC-42A3-9474-1A3956D46DE8}") = "Proget.Web", "Proget.Web", "{3A93D448-B39A-4C41-AEEB-2F35C4B1072B}"
EndProject
Project("{2150E333-8FDC-42A3-9474-1A3956D46DE8}") = "src", "src", "{A1536439-A8CD-496F-B960-C30ADA1E3597}"
EndProject
Project("{FAE04EC0-301F-11D3-BF4B-00C04F79EFBC}") = "Proget.Web", "src\Proget.Web\src\Proget.Web\Proget.Web.csproj", "{5A14C73B-635C-4789-85D8-41F767C716FE}"
EndProject
Project("{2150E333-8FDC-42A3-9474-1A3956D46DE8}") = "Proget.Modularity", "Proget.Modularity", "{9B1127A9-48ED-4936-96C6-A57068842027}"
EndProject
Project("{2150E333-8FDC-42A3-9474-1A3956D46DE8}") = "src", "src", "{EA95AC0B-1EE6-4F0C-BEA9-3A7A6B13957E}"
EndProject
Project("{FAE04EC0-301F-11D3-BF4B-00C04F79EFBC}") = "Proget.Modularity", "src\Proget.Modularity\src\Proget.Modularity\Proget.Modularity.csproj", "{A09D742E-38EA-40ED-9E9A-5CD5FFB6BFCE}"
EndProject
Project("{2150E333-8FDC-42A3-9474-1A3956D46DE8}") = "Proget.Linq", "Proget.Linq", "{6B4C8CED-0EF9-4A7D-B345-F5818BB20C41}"
EndProject
Project("{2150E333-8FDC-42A3-9474-1A3956D46DE8}") = "src", "src", "{DA877182-9807-452E-AD94-879EDF808FD1}"
EndProject
Project("{FAE04EC0-301F-11D3-BF4B-00C04F79EFBC}") = "Proget.Linq", "src\Proget.Linq\src\Proget.Linq\Proget.Linq.csproj", "{BA06888A-6780-45A9-91CF-0BFB4F0CC2CF}"
EndProject
Project("{2150E333-8FDC-42A3-9474-1A3956D46DE8}") = "Proget.Cqrs.Events", "Proget.Cqrs.Events", "{ABD449EA-C2FA-44DB-BC88-F1022E350462}"
EndProject
Project("{2150E333-8FDC-42A3-9474-1A3956D46DE8}") = "src", "src", "{D636D36F-2029-4793-8312-D8079F83557E}"
EndProject
Project("{FAE04EC0-301F-11D3-BF4B-00C04F79EFBC}") = "Proget.Cqrs.Events", "src\Proget.Cqrs.Events\src\Proget.Cqrs.Events\Proget.Cqrs.Events.csproj", "{016EE873-A054-43C1-8060-549A7EB08BC6}"
EndProject
Project("{2150E333-8FDC-42A3-9474-1A3956D46DE8}") = "Proget.Di", "Proget.Di", "{73C7C69F-5ADD-4EDB-8748-F5B74B0ECD5B}"
EndProject
Project("{2150E333-8FDC-42A3-9474-1A3956D46DE8}") = "src", "src", "{3FD3C687-94DE-4E8A-9157-B59C94D5F8DE}"
EndProject
Project("{FAE04EC0-301F-11D3-BF4B-00C04F79EFBC}") = "Proget.Di", "src\Proget.Di\src\Proget.Di\Proget.Di.csproj", "{7BCC8718-0DFA-4DB9-8F0B-A4D39A48E28F}"
EndProject
Project("{2150E333-8FDC-42A3-9474-1A3956D46DE8}") = "Proget.Messaging", "Proget.Messaging", "{34887561-64BB-4651-8E25-5921A9C6B529}"
EndProject
Project("{2150E333-8FDC-42A3-9474-1A3956D46DE8}") = "src", "src", "{F4A9F545-8CA3-43C0-930A-4DCFBD796CC9}"
EndProject
Project("{FAE04EC0-301F-11D3-BF4B-00C04F79EFBC}") = "Proget.Messaging", "src\Proget.Messaging\src\Proget.Messaging\Proget.Messaging.csproj", "{037C0D61-D185-4602-8BE5-F174EE117288}"
EndProject
Project("{2150E333-8FDC-42A3-9474-1A3956D46DE8}") = "Proget.Messaging.InMemory", "Proget.Messaging.InMemory", "{34696828-EA2D-4BFB-92CB-44E479DE9AFF}"
EndProject
Project("{2150E333-8FDC-42A3-9474-1A3956D46DE8}") = "src", "src", "{F0213B89-1193-428A-BEFF-4093B47D669E}"
EndProject
Project("{FAE04EC0-301F-11D3-BF4B-00C04F79EFBC}") = "Proget.Messaging.InMemory", "src\Proget.Messaging.InMemory\src\Proget.Messaging.InMemory\Proget.Messaging.InMemory.csproj", "{0AFCA45F-90C6-4C6C-BE81-57413BE20B1F}"
EndProject
Project("{2150E333-8FDC-42A3-9474-1A3956D46DE8}") = "Proget.Messaging.Cqrs", "Proget.Messaging.Cqrs", "{D2435E50-D92E-4B9A-AFFB-FE57579B3857}"
EndProject
Project("{2150E333-8FDC-42A3-9474-1A3956D46DE8}") = "src", "src", "{7BEFAA18-25E2-4776-83C5-B84A2A3C6C99}"
EndProject
Project("{FAE04EC0-301F-11D3-BF4B-00C04F79EFBC}") = "Proget.Messaging.Cqrs", "src\Proget.Messaging.Cqrs\src\Proget.Messaging.Cqrs\Proget.Messaging.Cqrs.csproj", "{24269D39-9A56-4246-86E2-CF91203010DB}"
EndProject
Project("{2150E333-8FDC-42A3-9474-1A3956D46DE8}") = "Proget.Persistence.Mongo", "Proget.Persistence.Mongo", "{7E0F6821-33B5-45FF-A7C9-4C6FDD24F7D1}"
EndProject
Project("{2150E333-8FDC-42A3-9474-1A3956D46DE8}") = "src", "src", "{800289E5-84A1-4D8C-A7C2-F660897142C2}"
EndProject
Project("{FAE04EC0-301F-11D3-BF4B-00C04F79EFBC}") = "Proget.Persistence.Mongo", "src\Proget.Persistence.Mongo\src\Proget.Persistence.Mongo\Proget.Persistence.Mongo.csproj", "{CE3A3128-3AAC-42F6-9E35-A58E0012D7A3}"
EndProject
Project("{2150E333-8FDC-42A3-9474-1A3956D46DE8}") = "Proget.Messaging.RabbitMq", "Proget.Messaging.RabbitMq", "{96073ADB-41AA-45A8-8130-8B021A0409B3}"
EndProject
Project("{2150E333-8FDC-42A3-9474-1A3956D46DE8}") = "src", "src", "{51FEE4B9-38E9-4EF6-B230-8E77AA49F272}"
EndProject
Project("{FAE04EC0-301F-11D3-BF4B-00C04F79EFBC}") = "Proget.Messaging.RabbitMq", "src\Proget.Messaging.RabbitMq\src\Proget.Messaging.RabbitMq\Proget.Messaging.RabbitMq.csproj", "{F1A7E9AC-BD6A-4CED-B7B3-D0D90D4A1DD7}"
EndProject
Project("{2150E333-8FDC-42A3-9474-1A3956D46DE8}") = "Proget.Cqrs.Queries", "Proget.Cqrs.Queries", "{46AC2A24-3DA2-40C0-A8A2-58D37C8A276F}"
EndProject
Project("{2150E333-8FDC-42A3-9474-1A3956D46DE8}") = "src", "src", "{353303C7-52E8-4F78-A4EA-94F25B82AACC}"
EndProject
Project("{FAE04EC0-301F-11D3-BF4B-00C04F79EFBC}") = "Proget.Cqrs.Queries", "src\Proget.Cqrs.Queries\src\Proget.Cqrs.Queries\Proget.Cqrs.Queries.csproj", "{716CCB74-4AA3-433E-98B4-707F2962F26B}"
EndProject
Project("{2150E333-8FDC-42A3-9474-1A3956D46DE8}") = "Proget.Cqrs.Commands", "Proget.Cqrs.Commands", "{C1DCD1C2-88CB-43EA-BB89-9616A4CBD642}"
EndProject
Project("{2150E333-8FDC-42A3-9474-1A3956D46DE8}") = "src", "src", "{E4B8E472-0347-45E8-B080-6E5686BB4FF2}"
EndProject
Project("{FAE04EC0-301F-11D3-BF4B-00C04F79EFBC}") = "Proget.Cqrs.Commands", "src\Proget.Cqrs.Commands\src\Proget.Cqrs.Commands\Proget.Cqrs.Commands.csproj", "{89A45581-E799-45A3-9B1B-F86D5DEC9317}"
EndProject
Project("{2150E333-8FDC-42A3-9474-1A3956D46DE8}") = "Proget.Persistence.Ef.Postgres", "Proget.Persistence.Ef.Postgres", "{94034EF0-E8FF-42F1-9707-212B0BF20693}"
EndProject
Project("{2150E333-8FDC-42A3-9474-1A3956D46DE8}") = "src", "src", "{1AB5727F-CCDB-469D-9A5D-88AE4635ABE8}"
EndProject
Project("{FAE04EC0-301F-11D3-BF4B-00C04F79EFBC}") = "Proget.Persistence.Ef.Postgres", "src\Proget.Persistence.Ef.Postgres\src\Proget.Persistence.Ef.Postgres\Proget.Persistence.Ef.Postgres.csproj", "{353DF6A7-30B7-440E-A658-CB7050227D58}"
EndProject
Project("{2150E333-8FDC-42A3-9474-1A3956D46DE8}") = "Proget.Persistence.Ef.Mssql", "Proget.Persistence.Ef.Mssql", "{85EF19FA-11B8-47F8-A646-CC2E34F99509}"
EndProject
Project("{2150E333-8FDC-42A3-9474-1A3956D46DE8}") = "src", "src", "{F65836E1-CDB8-4ED3-81DF-13E3BE8AE5A2}"
EndProject
Project("{FAE04EC0-301F-11D3-BF4B-00C04F79EFBC}") = "Proget.Persistence.Ef.Mssql", "src\Proget.Persistence.Ef.Mssql\src\Proget.Persistence.Ef.Mssql\Proget.Persistence.Ef.Mssql.csproj", "{18552EE9-69EB-415C-989E-7559FD6B8343}"
EndProject
Project("{2150E333-8FDC-42A3-9474-1A3956D46DE8}") = "Proget.Web.Cqrs", "Proget.Web.Cqrs", "{8119DC4F-D046-4D29-841E-E864A97EEADE}"
EndProject
Project("{2150E333-8FDC-42A3-9474-1A3956D46DE8}") = "src", "src", "{7774D66A-635E-44AB-9573-7ED724D551E0}"
EndProject
Project("{FAE04EC0-301F-11D3-BF4B-00C04F79EFBC}") = "Proget.Web.Cqrs", "src\Proget.Web.Cqrs\src\Proget.Web.Cqrs\Proget.Web.Cqrs.csproj", "{695C6987-8380-4577-B9CF-559D68764C54}"
EndProject
Project("{2150E333-8FDC-42A3-9474-1A3956D46DE8}") = "Proget.Exceptions", "Proget.Exceptions", "{3858E252-73D1-4D25-A256-72F9D837BA7E}"
EndProject
Project("{2150E333-8FDC-42A3-9474-1A3956D46DE8}") = "src", "src", "{302F8A62-B774-452F-B3D0-2C6F1F48D688}"
EndProject
Project("{FAE04EC0-301F-11D3-BF4B-00C04F79EFBC}") = "Proget.Exceptions", "src\Proget.Exceptions\src\Proget.Exceptions\Proget.Exceptions.csproj", "{F9180869-58AC-48E6-94C0-A52517FDECA5}"
EndProject
Project("{2150E333-8FDC-42A3-9474-1A3956D46DE8}") = "Proget.Ddd", "Proget.Ddd", "{50C832ED-E836-4146-A317-3ADE53E6A4F6}"
EndProject
Project("{2150E333-8FDC-42A3-9474-1A3956D46DE8}") = "src", "src", "{727E9590-6611-458D-9F09-F197BD9C69CC}"
EndProject
Project("{FAE04EC0-301F-11D3-BF4B-00C04F79EFBC}") = "Proget.Ddd", "src\Proget.Ddd\src\Proget.Ddd\Proget.Ddd.csproj", "{E65B32E1-7480-4A19-90B9-A94E800B8172}"
EndProject
Project("{2150E333-8FDC-42A3-9474-1A3956D46DE8}") = "Proget.Web.Exceptions", "Proget.Web.Exceptions", "{4B9DDF86-67E1-4074-B3A8-45184088A646}"
EndProject
Project("{2150E333-8FDC-42A3-9474-1A3956D46DE8}") = "src", "src", "{9739A57B-73A3-4509-A769-124E598A1D06}"
EndProject
Project("{FAE04EC0-301F-11D3-BF4B-00C04F79EFBC}") = "Proget.Web.Exceptions", "src\Proget.Web.Exceptions\src\Proget.Web.Exceptions\Proget.Web.Exceptions.csproj", "{51919F6C-FF70-46DD-AF58-30C77DDE38E0}"
EndProject
Project("{2150E333-8FDC-42A3-9474-1A3956D46DE8}") = "Proget.Persistence.Ef", "Proget.Persistence.Ef", "{E01979F8-BE5B-4CB4-B838-4B56B47F2AA6}"
EndProject
Project("{2150E333-8FDC-42A3-9474-1A3956D46DE8}") = "src", "src", "{FFA57F8F-C254-44D0-9217-ABA6AC056630}"
EndProject
Project("{FAE04EC0-301F-11D3-BF4B-00C04F79EFBC}") = "Proget.Persistence.Ef", "src\Proget.Persistence.Ef\src\Proget.Persistence.Ef\Proget.Persistence.Ef.csproj", "{00CA6C99-2D85-4F22-8D75-FEB54ABE2FA2}"
EndProject
Project("{2150E333-8FDC-42A3-9474-1A3956D46DE8}") = "Proget.Storage", "Proget.Storage", "{8DF0E937-20A6-4AB7-95BA-E3C81D46622C}"
EndProject
Project("{2150E333-8FDC-42A3-9474-1A3956D46DE8}") = "src", "src", "{9E70D573-2B3E-4C98-8B69-E680388CFEE9}"
EndProject
Project("{FAE04EC0-301F-11D3-BF4B-00C04F79EFBC}") = "Proget.Storage", "src\Proget.Storage\src\Proget.Storage\Proget.Storage.csproj", "{CBC73C38-B99B-4527-8294-8CA5E513302A}"
EndProject
Project("{2150E333-8FDC-42A3-9474-1A3956D46DE8}") = "Proget.Storage.CloudStorage", "Proget.Storage.CloudStorage", "{82461CD0-EE83-4E7E-ABA1-EF43D4672DE6}"
EndProject
Project("{2150E333-8FDC-42A3-9474-1A3956D46DE8}") = "src", "src", "{CF6BDA65-45F1-49E1-AF54-C876F87C99CF}"
EndProject
Project("{FAE04EC0-301F-11D3-BF4B-00C04F79EFBC}") = "Proget.Storage.CloudStorage", "src\Proget.Storage.CloudStorage\src\Proget.Storage.CloudStorage\Proget.Storage.CloudStorage.csproj", "{659C254B-2C9F-4E2F-8605-111A96392EEC}"
EndProject
Global
	GlobalSection(SolutionConfigurationPlatforms) = preSolution
		Debug|Any CPU = Debug|Any CPU
		Release|Any CPU = Release|Any CPU
	EndGlobalSection
	GlobalSection(SolutionProperties) = preSolution
		HideSolutionNode = FALSE
	EndGlobalSection
	GlobalSection(ProjectConfigurationPlatforms) = postSolution
		{5A14C73B-635C-4789-85D8-41F767C716FE}.Debug|Any CPU.ActiveCfg = Debug|Any CPU
		{5A14C73B-635C-4789-85D8-41F767C716FE}.Debug|Any CPU.Build.0 = Debug|Any CPU
		{5A14C73B-635C-4789-85D8-41F767C716FE}.Release|Any CPU.ActiveCfg = Release|Any CPU
		{5A14C73B-635C-4789-85D8-41F767C716FE}.Release|Any CPU.Build.0 = Release|Any CPU
		{A09D742E-38EA-40ED-9E9A-5CD5FFB6BFCE}.Debug|Any CPU.ActiveCfg = Debug|Any CPU
		{A09D742E-38EA-40ED-9E9A-5CD5FFB6BFCE}.Debug|Any CPU.Build.0 = Debug|Any CPU
		{A09D742E-38EA-40ED-9E9A-5CD5FFB6BFCE}.Release|Any CPU.ActiveCfg = Release|Any CPU
		{A09D742E-38EA-40ED-9E9A-5CD5FFB6BFCE}.Release|Any CPU.Build.0 = Release|Any CPU
		{BA06888A-6780-45A9-91CF-0BFB4F0CC2CF}.Debug|Any CPU.ActiveCfg = Debug|Any CPU
		{BA06888A-6780-45A9-91CF-0BFB4F0CC2CF}.Debug|Any CPU.Build.0 = Debug|Any CPU
		{BA06888A-6780-45A9-91CF-0BFB4F0CC2CF}.Release|Any CPU.ActiveCfg = Release|Any CPU
		{BA06888A-6780-45A9-91CF-0BFB4F0CC2CF}.Release|Any CPU.Build.0 = Release|Any CPU
		{016EE873-A054-43C1-8060-549A7EB08BC6}.Debug|Any CPU.ActiveCfg = Debug|Any CPU
		{016EE873-A054-43C1-8060-549A7EB08BC6}.Debug|Any CPU.Build.0 = Debug|Any CPU
		{016EE873-A054-43C1-8060-549A7EB08BC6}.Release|Any CPU.ActiveCfg = Release|Any CPU
		{016EE873-A054-43C1-8060-549A7EB08BC6}.Release|Any CPU.Build.0 = Release|Any CPU
		{7BCC8718-0DFA-4DB9-8F0B-A4D39A48E28F}.Debug|Any CPU.ActiveCfg = Debug|Any CPU
		{7BCC8718-0DFA-4DB9-8F0B-A4D39A48E28F}.Debug|Any CPU.Build.0 = Debug|Any CPU
		{7BCC8718-0DFA-4DB9-8F0B-A4D39A48E28F}.Release|Any CPU.ActiveCfg = Release|Any CPU
		{7BCC8718-0DFA-4DB9-8F0B-A4D39A48E28F}.Release|Any CPU.Build.0 = Release|Any CPU
		{037C0D61-D185-4602-8BE5-F174EE117288}.Debug|Any CPU.ActiveCfg = Debug|Any CPU
		{037C0D61-D185-4602-8BE5-F174EE117288}.Debug|Any CPU.Build.0 = Debug|Any CPU
		{037C0D61-D185-4602-8BE5-F174EE117288}.Release|Any CPU.ActiveCfg = Release|Any CPU
		{037C0D61-D185-4602-8BE5-F174EE117288}.Release|Any CPU.Build.0 = Release|Any CPU
		{0AFCA45F-90C6-4C6C-BE81-57413BE20B1F}.Debug|Any CPU.ActiveCfg = Debug|Any CPU
		{0AFCA45F-90C6-4C6C-BE81-57413BE20B1F}.Debug|Any CPU.Build.0 = Debug|Any CPU
		{0AFCA45F-90C6-4C6C-BE81-57413BE20B1F}.Release|Any CPU.ActiveCfg = Release|Any CPU
		{0AFCA45F-90C6-4C6C-BE81-57413BE20B1F}.Release|Any CPU.Build.0 = Release|Any CPU
		{24269D39-9A56-4246-86E2-CF91203010DB}.Debug|Any CPU.ActiveCfg = Debug|Any CPU
		{24269D39-9A56-4246-86E2-CF91203010DB}.Debug|Any CPU.Build.0 = Debug|Any CPU
		{24269D39-9A56-4246-86E2-CF91203010DB}.Release|Any CPU.ActiveCfg = Release|Any CPU
		{24269D39-9A56-4246-86E2-CF91203010DB}.Release|Any CPU.Build.0 = Release|Any CPU
		{CE3A3128-3AAC-42F6-9E35-A58E0012D7A3}.Debug|Any CPU.ActiveCfg = Debug|Any CPU
		{CE3A3128-3AAC-42F6-9E35-A58E0012D7A3}.Debug|Any CPU.Build.0 = Debug|Any CPU
		{CE3A3128-3AAC-42F6-9E35-A58E0012D7A3}.Release|Any CPU.ActiveCfg = Release|Any CPU
		{CE3A3128-3AAC-42F6-9E35-A58E0012D7A3}.Release|Any CPU.Build.0 = Release|Any CPU
		{F1A7E9AC-BD6A-4CED-B7B3-D0D90D4A1DD7}.Debug|Any CPU.ActiveCfg = Debug|Any CPU
		{F1A7E9AC-BD6A-4CED-B7B3-D0D90D4A1DD7}.Debug|Any CPU.Build.0 = Debug|Any CPU
		{F1A7E9AC-BD6A-4CED-B7B3-D0D90D4A1DD7}.Release|Any CPU.ActiveCfg = Release|Any CPU
		{F1A7E9AC-BD6A-4CED-B7B3-D0D90D4A1DD7}.Release|Any CPU.Build.0 = Release|Any CPU
		{716CCB74-4AA3-433E-98B4-707F2962F26B}.Debug|Any CPU.ActiveCfg = Debug|Any CPU
		{716CCB74-4AA3-433E-98B4-707F2962F26B}.Debug|Any CPU.Build.0 = Debug|Any CPU
		{716CCB74-4AA3-433E-98B4-707F2962F26B}.Release|Any CPU.ActiveCfg = Release|Any CPU
		{716CCB74-4AA3-433E-98B4-707F2962F26B}.Release|Any CPU.Build.0 = Release|Any CPU
		{89A45581-E799-45A3-9B1B-F86D5DEC9317}.Debug|Any CPU.ActiveCfg = Debug|Any CPU
		{89A45581-E799-45A3-9B1B-F86D5DEC9317}.Debug|Any CPU.Build.0 = Debug|Any CPU
		{89A45581-E799-45A3-9B1B-F86D5DEC9317}.Release|Any CPU.ActiveCfg = Release|Any CPU
		{89A45581-E799-45A3-9B1B-F86D5DEC9317}.Release|Any CPU.Build.0 = Release|Any CPU
		{353DF6A7-30B7-440E-A658-CB7050227D58}.Debug|Any CPU.ActiveCfg = Debug|Any CPU
		{353DF6A7-30B7-440E-A658-CB7050227D58}.Debug|Any CPU.Build.0 = Debug|Any CPU
		{353DF6A7-30B7-440E-A658-CB7050227D58}.Release|Any CPU.ActiveCfg = Release|Any CPU
		{353DF6A7-30B7-440E-A658-CB7050227D58}.Release|Any CPU.Build.0 = Release|Any CPU
		{18552EE9-69EB-415C-989E-7559FD6B8343}.Debug|Any CPU.ActiveCfg = Debug|Any CPU
		{18552EE9-69EB-415C-989E-7559FD6B8343}.Debug|Any CPU.Build.0 = Debug|Any CPU
		{18552EE9-69EB-415C-989E-7559FD6B8343}.Release|Any CPU.ActiveCfg = Release|Any CPU
		{18552EE9-69EB-415C-989E-7559FD6B8343}.Release|Any CPU.Build.0 = Release|Any CPU
		{695C6987-8380-4577-B9CF-559D68764C54}.Debug|Any CPU.ActiveCfg = Debug|Any CPU
		{695C6987-8380-4577-B9CF-559D68764C54}.Debug|Any CPU.Build.0 = Debug|Any CPU
		{695C6987-8380-4577-B9CF-559D68764C54}.Release|Any CPU.ActiveCfg = Release|Any CPU
		{695C6987-8380-4577-B9CF-559D68764C54}.Release|Any CPU.Build.0 = Release|Any CPU
		{F9180869-58AC-48E6-94C0-A52517FDECA5}.Debug|Any CPU.ActiveCfg = Debug|Any CPU
		{F9180869-58AC-48E6-94C0-A52517FDECA5}.Debug|Any CPU.Build.0 = Debug|Any CPU
		{F9180869-58AC-48E6-94C0-A52517FDECA5}.Release|Any CPU.ActiveCfg = Release|Any CPU
		{F9180869-58AC-48E6-94C0-A52517FDECA5}.Release|Any CPU.Build.0 = Release|Any CPU
		{E65B32E1-7480-4A19-90B9-A94E800B8172}.Debug|Any CPU.ActiveCfg = Debug|Any CPU
		{E65B32E1-7480-4A19-90B9-A94E800B8172}.Debug|Any CPU.Build.0 = Debug|Any CPU
		{E65B32E1-7480-4A19-90B9-A94E800B8172}.Release|Any CPU.ActiveCfg = Release|Any CPU
		{E65B32E1-7480-4A19-90B9-A94E800B8172}.Release|Any CPU.Build.0 = Release|Any CPU
		{51919F6C-FF70-46DD-AF58-30C77DDE38E0}.Debug|Any CPU.ActiveCfg = Debug|Any CPU
		{51919F6C-FF70-46DD-AF58-30C77DDE38E0}.Debug|Any CPU.Build.0 = Debug|Any CPU
		{51919F6C-FF70-46DD-AF58-30C77DDE38E0}.Release|Any CPU.ActiveCfg = Release|Any CPU
		{51919F6C-FF70-46DD-AF58-30C77DDE38E0}.Release|Any CPU.Build.0 = Release|Any CPU
		{00CA6C99-2D85-4F22-8D75-FEB54ABE2FA2}.Debug|Any CPU.ActiveCfg = Debug|Any CPU
		{00CA6C99-2D85-4F22-8D75-FEB54ABE2FA2}.Debug|Any CPU.Build.0 = Debug|Any CPU
		{00CA6C99-2D85-4F22-8D75-FEB54ABE2FA2}.Release|Any CPU.ActiveCfg = Release|Any CPU
		{00CA6C99-2D85-4F22-8D75-FEB54ABE2FA2}.Release|Any CPU.Build.0 = Release|Any CPU
		{CBC73C38-B99B-4527-8294-8CA5E513302A}.Debug|Any CPU.ActiveCfg = Debug|Any CPU
		{CBC73C38-B99B-4527-8294-8CA5E513302A}.Debug|Any CPU.Build.0 = Debug|Any CPU
		{CBC73C38-B99B-4527-8294-8CA5E513302A}.Release|Any CPU.ActiveCfg = Release|Any CPU
		{CBC73C38-B99B-4527-8294-8CA5E513302A}.Release|Any CPU.Build.0 = Release|Any CPU
		{659C254B-2C9F-4E2F-8605-111A96392EEC}.Debug|Any CPU.ActiveCfg = Debug|Any CPU
		{659C254B-2C9F-4E2F-8605-111A96392EEC}.Debug|Any CPU.Build.0 = Debug|Any CPU
		{659C254B-2C9F-4E2F-8605-111A96392EEC}.Release|Any CPU.ActiveCfg = Release|Any CPU
		{659C254B-2C9F-4E2F-8605-111A96392EEC}.Release|Any CPU.Build.0 = Release|Any CPU
	EndGlobalSection
	GlobalSection(NestedProjects) = preSolution
		{3A93D448-B39A-4C41-AEEB-2F35C4B1072B} = {373F561B-D7F5-4798-9B0F-674161D49916}
		{A1536439-A8CD-496F-B960-C30ADA1E3597} = {3A93D448-B39A-4C41-AEEB-2F35C4B1072B}
		{5A14C73B-635C-4789-85D8-41F767C716FE} = {A1536439-A8CD-496F-B960-C30ADA1E3597}
		{9B1127A9-48ED-4936-96C6-A57068842027} = {373F561B-D7F5-4798-9B0F-674161D49916}
		{EA95AC0B-1EE6-4F0C-BEA9-3A7A6B13957E} = {9B1127A9-48ED-4936-96C6-A57068842027}
		{A09D742E-38EA-40ED-9E9A-5CD5FFB6BFCE} = {EA95AC0B-1EE6-4F0C-BEA9-3A7A6B13957E}
		{6B4C8CED-0EF9-4A7D-B345-F5818BB20C41} = {373F561B-D7F5-4798-9B0F-674161D49916}
		{DA877182-9807-452E-AD94-879EDF808FD1} = {6B4C8CED-0EF9-4A7D-B345-F5818BB20C41}
		{BA06888A-6780-45A9-91CF-0BFB4F0CC2CF} = {DA877182-9807-452E-AD94-879EDF808FD1}
		{ABD449EA-C2FA-44DB-BC88-F1022E350462} = {373F561B-D7F5-4798-9B0F-674161D49916}
		{D636D36F-2029-4793-8312-D8079F83557E} = {ABD449EA-C2FA-44DB-BC88-F1022E350462}
		{016EE873-A054-43C1-8060-549A7EB08BC6} = {D636D36F-2029-4793-8312-D8079F83557E}
		{73C7C69F-5ADD-4EDB-8748-F5B74B0ECD5B} = {373F561B-D7F5-4798-9B0F-674161D49916}
		{3FD3C687-94DE-4E8A-9157-B59C94D5F8DE} = {73C7C69F-5ADD-4EDB-8748-F5B74B0ECD5B}
		{7BCC8718-0DFA-4DB9-8F0B-A4D39A48E28F} = {3FD3C687-94DE-4E8A-9157-B59C94D5F8DE}
		{34887561-64BB-4651-8E25-5921A9C6B529} = {373F561B-D7F5-4798-9B0F-674161D49916}
		{F4A9F545-8CA3-43C0-930A-4DCFBD796CC9} = {34887561-64BB-4651-8E25-5921A9C6B529}
		{037C0D61-D185-4602-8BE5-F174EE117288} = {F4A9F545-8CA3-43C0-930A-4DCFBD796CC9}
		{34696828-EA2D-4BFB-92CB-44E479DE9AFF} = {373F561B-D7F5-4798-9B0F-674161D49916}
		{F0213B89-1193-428A-BEFF-4093B47D669E} = {34696828-EA2D-4BFB-92CB-44E479DE9AFF}
		{0AFCA45F-90C6-4C6C-BE81-57413BE20B1F} = {F0213B89-1193-428A-BEFF-4093B47D669E}
		{D2435E50-D92E-4B9A-AFFB-FE57579B3857} = {373F561B-D7F5-4798-9B0F-674161D49916}
		{7BEFAA18-25E2-4776-83C5-B84A2A3C6C99} = {D2435E50-D92E-4B9A-AFFB-FE57579B3857}
		{24269D39-9A56-4246-86E2-CF91203010DB} = {7BEFAA18-25E2-4776-83C5-B84A2A3C6C99}
		{7E0F6821-33B5-45FF-A7C9-4C6FDD24F7D1} = {373F561B-D7F5-4798-9B0F-674161D49916}
		{800289E5-84A1-4D8C-A7C2-F660897142C2} = {7E0F6821-33B5-45FF-A7C9-4C6FDD24F7D1}
		{CE3A3128-3AAC-42F6-9E35-A58E0012D7A3} = {800289E5-84A1-4D8C-A7C2-F660897142C2}
		{96073ADB-41AA-45A8-8130-8B021A0409B3} = {373F561B-D7F5-4798-9B0F-674161D49916}
		{51FEE4B9-38E9-4EF6-B230-8E77AA49F272} = {96073ADB-41AA-45A8-8130-8B021A0409B3}
		{F1A7E9AC-BD6A-4CED-B7B3-D0D90D4A1DD7} = {51FEE4B9-38E9-4EF6-B230-8E77AA49F272}
		{46AC2A24-3DA2-40C0-A8A2-58D37C8A276F} = {373F561B-D7F5-4798-9B0F-674161D49916}
		{353303C7-52E8-4F78-A4EA-94F25B82AACC} = {46AC2A24-3DA2-40C0-A8A2-58D37C8A276F}
		{716CCB74-4AA3-433E-98B4-707F2962F26B} = {353303C7-52E8-4F78-A4EA-94F25B82AACC}
		{C1DCD1C2-88CB-43EA-BB89-9616A4CBD642} = {373F561B-D7F5-4798-9B0F-674161D49916}
		{E4B8E472-0347-45E8-B080-6E5686BB4FF2} = {C1DCD1C2-88CB-43EA-BB89-9616A4CBD642}
		{89A45581-E799-45A3-9B1B-F86D5DEC9317} = {E4B8E472-0347-45E8-B080-6E5686BB4FF2}
		{94034EF0-E8FF-42F1-9707-212B0BF20693} = {373F561B-D7F5-4798-9B0F-674161D49916}
		{1AB5727F-CCDB-469D-9A5D-88AE4635ABE8} = {94034EF0-E8FF-42F1-9707-212B0BF20693}
		{353DF6A7-30B7-440E-A658-CB7050227D58} = {1AB5727F-CCDB-469D-9A5D-88AE4635ABE8}
		{85EF19FA-11B8-47F8-A646-CC2E34F99509} = {373F561B-D7F5-4798-9B0F-674161D49916}
		{F65836E1-CDB8-4ED3-81DF-13E3BE8AE5A2} = {85EF19FA-11B8-47F8-A646-CC2E34F99509}
		{18552EE9-69EB-415C-989E-7559FD6B8343} = {F65836E1-CDB8-4ED3-81DF-13E3BE8AE5A2}
		{8119DC4F-D046-4D29-841E-E864A97EEADE} = {373F561B-D7F5-4798-9B0F-674161D49916}
		{7774D66A-635E-44AB-9573-7ED724D551E0} = {8119DC4F-D046-4D29-841E-E864A97EEADE}
		{695C6987-8380-4577-B9CF-559D68764C54} = {7774D66A-635E-44AB-9573-7ED724D551E0}
		{3858E252-73D1-4D25-A256-72F9D837BA7E} = {373F561B-D7F5-4798-9B0F-674161D49916}
		{302F8A62-B774-452F-B3D0-2C6F1F48D688} = {3858E252-73D1-4D25-A256-72F9D837BA7E}
		{F9180869-58AC-48E6-94C0-A52517FDECA5} = {302F8A62-B774-452F-B3D0-2C6F1F48D688}
		{50C832ED-E836-4146-A317-3ADE53E6A4F6} = {373F561B-D7F5-4798-9B0F-674161D49916}
		{727E9590-6611-458D-9F09-F197BD9C69CC} = {50C832ED-E836-4146-A317-3ADE53E6A4F6}
		{E65B32E1-7480-4A19-90B9-A94E800B8172} = {727E9590-6611-458D-9F09-F197BD9C69CC}
		{4B9DDF86-67E1-4074-B3A8-45184088A646} = {373F561B-D7F5-4798-9B0F-674161D49916}
		{9739A57B-73A3-4509-A769-124E598A1D06} = {4B9DDF86-67E1-4074-B3A8-45184088A646}
		{51919F6C-FF70-46DD-AF58-30C77DDE38E0} = {9739A57B-73A3-4509-A769-124E598A1D06}
		{E01979F8-BE5B-4CB4-B838-4B56B47F2AA6} = {373F561B-D7F5-4798-9B0F-674161D49916}
		{FFA57F8F-C254-44D0-9217-ABA6AC056630} = {E01979F8-BE5B-4CB4-B838-4B56B47F2AA6}
		{00CA6C99-2D85-4F22-8D75-FEB54ABE2FA2} = {FFA57F8F-C254-44D0-9217-ABA6AC056630}
		{8DF0E937-20A6-4AB7-95BA-E3C81D46622C} = {373F561B-D7F5-4798-9B0F-674161D49916}
		{9E70D573-2B3E-4C98-8B69-E680388CFEE9} = {8DF0E937-20A6-4AB7-95BA-E3C81D46622C}
		{CBC73C38-B99B-4527-8294-8CA5E513302A} = {9E70D573-2B3E-4C98-8B69-E680388CFEE9}
		{82461CD0-EE83-4E7E-ABA1-EF43D4672DE6} = {373F561B-D7F5-4798-9B0F-674161D49916}
		{CF6BDA65-45F1-49E1-AF54-C876F87C99CF} = {82461CD0-EE83-4E7E-ABA1-EF43D4672DE6}
		{659C254B-2C9F-4E2F-8605-111A96392EEC} = {CF6BDA65-45F1-49E1-AF54-C876F87C99CF}
	EndGlobalSection
EndGlobal
