
Microsoft Visual Studio Solution File, Format Version 12.00
# Visual Studio Version 17
VisualStudioVersion = 17.0.31903.59
MinimumVisualStudioVersion = 10.0.40219.1
Project("{2150E333-8FDC-42A3-9474-1A3956D46DE8}") = "src", "src", "{2EBB2A2F-BB78-4BDE-BBEC-406593B66C6B}"
EndProject
Project("{FAE04EC0-301F-11D3-BF4B-00C04F79EFBC}") = "Proget.Web", "src\Proget.Web\Proget.Web.csproj", "{68083F79-215E-4B56-A764-EED84032B27A}"
EndProject
Global
	GlobalSection(SolutionConfigurationPlatforms) = preSolution
		Debug|Any CPU = Debug|Any CPU
		Release|Any CPU = Release|Any CPU
	EndGlobalSection
	GlobalSection(SolutionProperties) = preSolution
		HideSolutionNode = FALSE
	EndGlobalSection
	GlobalSection(ProjectConfigurationPlatforms) = postSolution
		{68083F79-215E-4B56-A764-EED84032B27A}.Debug|Any CPU.ActiveCfg = Debug|Any CPU
		{68083F79-215E-4B56-A764-EED84032B27A}.Debug|Any CPU.Build.0 = Debug|Any CPU
		{68083F79-215E-4B56-A764-EED84032B27A}.Release|Any CPU.ActiveCfg = Release|Any CPU
		{68083F79-215E-4B56-A764-EED84032B27A}.Release|Any CPU.Build.0 = Release|Any CPU
	EndGlobalSection
	GlobalSection(NestedProjects) = preSolution
		{68083F79-215E-4B56-A764-EED84032B27A} = {2EBB2A2F-BB78-4BDE-BBEC-406593B66C6B}
	EndGlobalSection
EndGlobal
