
Microsoft Visual Studio Solution File, Format Version 12.00
# Visual Studio Version 16
VisualStudioVersion = 16.0.30114.105
MinimumVisualStudioVersion = 10.0.40219.1
Project("{2150E333-8FDC-42A3-9474-1A3956D46DE8}") = "src", "src", "{16F51B56-3906-4533-B844-A3206E38FC00}"
EndProject
Project("{2150E333-8FDC-42A3-9474-1A3956D46DE8}") = "Bootstraper", "Bootstraper", "{294C26DA-185A-4732-ACBA-27B9E972D2BD}"
EndProject
Project("{FAE04EC0-301F-11D3-BF4B-00C04F79EFBC}") = "Protest.Bootstraper", "src\Bootstraper\Protest.Bootstraper\Protest.Bootstraper.csproj", "{51B5BDE1-C6E6-4567-8375-05730A723AD9}"
EndProject
Project("{2150E333-8FDC-42A3-9474-1A3956D46DE8}") = "Services", "Services", "{74B956C1-A535-47BF-833D-04B5707CBE70}"
EndProject
Project("{FAE04EC0-301F-11D3-BF4B-00C04F79EFBC}") = "Protest.MicroRecipient", "src\Services\Protest.MicroRecipient\Protest.MicroRecipient.csproj", "{A6F9DEF4-B477-43B2-BB63-A9F030F0A4DC}"
EndProject
Project("{2150E333-8FDC-42A3-9474-1A3956D46DE8}") = "Modules", "Modules", "{46F7897C-E764-4B54-8F4D-98A8D25337CB}"
EndProject
Project("{2150E333-8FDC-42A3-9474-1A3956D46DE8}") = "ModularRecipient", "ModularRecipient", "{0338449E-C9D4-47F7-88EA-98308EB2AFD9}"
EndProject
Project("{FAE04EC0-301F-11D3-BF4B-00C04F79EFBC}") = "ModularRecipient.API", "src\Modules\ModularRecipient\ModularRecipient.API\ModularRecipient.API.csproj", "{6F1F3F3F-F8E2-41A3-9B0C-C7FD87D09B4C}"
EndProject
Project("{FAE04EC0-301F-11D3-BF4B-00C04F79EFBC}") = "ModularRecipient.Core", "src\Modules\ModularRecipient\ModularRecipient.Core\ModularRecipient.Core.csproj", "{7FB120C1-3D1F-468E-BCB9-1051CC9AB979}"
EndProject
Project("{2150E333-8FDC-42A3-9474-1A3956D46DE8}") = "Sender", "Sender", "{2859D0AF-80B7-4D6B-B9B9-678D925CB535}"
EndProject
Project("{FAE04EC0-301F-11D3-BF4B-00C04F79EFBC}") = "Sender.API", "src\Modules\Sender\Sender.API\Sender.API.csproj", "{95FF25ED-A740-4C0A-A145-634B77640B48}"
EndProject
Project("{FAE04EC0-301F-11D3-BF4B-00C04F79EFBC}") = "Sender.Core", "src\Modules\Sender\Sender.Core\Sender.Core.csproj", "{EA686F44-A923-474A-B243-696B31C5235D}"
EndProject
Project("{2150E333-8FDC-42A3-9474-1A3956D46DE8}") = "Services", "Services", "{F5497DAE-F977-4A69-8BE5-70E2E6ED5053}"
EndProject
Project("{2150E333-8FDC-42A3-9474-1A3956D46DE8}") = "MicroRecipient", "MicroRecipient", "{59B95008-CA7D-499F-9E31-F43F7CF32972}"
EndProject
Project("{2150E333-8FDC-42A3-9474-1A3956D46DE8}") = "src", "src", "{91F3806E-76F1-4396-8A36-AE557C6AD1C4}"
EndProject
Project("{FAE04EC0-301F-11D3-BF4B-00C04F79EFBC}") = "MicroRecipient.API", "src\Services\MicroRecipient\src\MicroRecipient.API\MicroRecipient.API.csproj", "{B2FEED23-4295-4509-9043-B0C84775D900}"
EndProject
Project("{FAE04EC0-301F-11D3-BF4B-00C04F79EFBC}") = "MicroRecipient.Core", "src\Services\MicroRecipient\src\MicroRecipient.Core\MicroRecipient.Core.csproj", "{3237044C-57EB-4F00-A9B9-946858BC15DA}"
EndProject
Project("{2150E333-8FDC-42A3-9474-1A3956D46DE8}") = "MicroSender", "MicroSender", "{BE1118AF-A3EF-4CC8-8A77-E3184FD2969D}"
EndProject
Project("{2150E333-8FDC-42A3-9474-1A3956D46DE8}") = "src", "src", "{7015BCFF-4442-4321-9B3B-A2FFBCCFD040}"
EndProject
Project("{FAE04EC0-301F-11D3-BF4B-00C04F79EFBC}") = "MicroSender.API", "src\Services\MicroSender\src\MicroSender.API\MicroSender.API.csproj", "{28356A50-B3AA-4120-AA44-671DFDF9C002}"
EndProject
Project("{FAE04EC0-301F-11D3-BF4B-00C04F79EFBC}") = "MicroSender.Core", "src\Services\MicroSender\src\MicroSender.Core\MicroSender.Core.csproj", "{AFA48EE9-0DCE-4B84-9FBC-FAAF9DE27A3B}"
EndProject
Global
	GlobalSection(SolutionConfigurationPlatforms) = preSolution
		Debug|Any CPU = Debug|Any CPU
		Release|Any CPU = Release|Any CPU
	EndGlobalSection
	GlobalSection(SolutionProperties) = preSolution
		HideSolutionNode = FALSE
	EndGlobalSection
	GlobalSection(ProjectConfigurationPlatforms) = postSolution
		{51B5BDE1-C6E6-4567-8375-05730A723AD9}.Debug|Any CPU.ActiveCfg = Debug|Any CPU
		{51B5BDE1-C6E6-4567-8375-05730A723AD9}.Debug|Any CPU.Build.0 = Debug|Any CPU
		{51B5BDE1-C6E6-4567-8375-05730A723AD9}.Release|Any CPU.ActiveCfg = Release|Any CPU
		{51B5BDE1-C6E6-4567-8375-05730A723AD9}.Release|Any CPU.Build.0 = Release|Any CPU
		{A6F9DEF4-B477-43B2-BB63-A9F030F0A4DC}.Debug|Any CPU.ActiveCfg = Debug|Any CPU
		{A6F9DEF4-B477-43B2-BB63-A9F030F0A4DC}.Debug|Any CPU.Build.0 = Debug|Any CPU
		{A6F9DEF4-B477-43B2-BB63-A9F030F0A4DC}.Release|Any CPU.ActiveCfg = Release|Any CPU
		{A6F9DEF4-B477-43B2-BB63-A9F030F0A4DC}.Release|Any CPU.Build.0 = Release|Any CPU
		{6F1F3F3F-F8E2-41A3-9B0C-C7FD87D09B4C}.Debug|Any CPU.ActiveCfg = Debug|Any CPU
		{6F1F3F3F-F8E2-41A3-9B0C-C7FD87D09B4C}.Debug|Any CPU.Build.0 = Debug|Any CPU
		{6F1F3F3F-F8E2-41A3-9B0C-C7FD87D09B4C}.Release|Any CPU.ActiveCfg = Release|Any CPU
		{6F1F3F3F-F8E2-41A3-9B0C-C7FD87D09B4C}.Release|Any CPU.Build.0 = Release|Any CPU
		{7FB120C1-3D1F-468E-BCB9-1051CC9AB979}.Debug|Any CPU.ActiveCfg = Debug|Any CPU
		{7FB120C1-3D1F-468E-BCB9-1051CC9AB979}.Debug|Any CPU.Build.0 = Debug|Any CPU
		{7FB120C1-3D1F-468E-BCB9-1051CC9AB979}.Release|Any CPU.ActiveCfg = Release|Any CPU
		{7FB120C1-3D1F-468E-BCB9-1051CC9AB979}.Release|Any CPU.Build.0 = Release|Any CPU
		{95FF25ED-A740-4C0A-A145-634B77640B48}.Debug|Any CPU.ActiveCfg = Debug|Any CPU
		{95FF25ED-A740-4C0A-A145-634B77640B48}.Debug|Any CPU.Build.0 = Debug|Any CPU
		{95FF25ED-A740-4C0A-A145-634B77640B48}.Release|Any CPU.ActiveCfg = Release|Any CPU
		{95FF25ED-A740-4C0A-A145-634B77640B48}.Release|Any CPU.Build.0 = Release|Any CPU
		{EA686F44-A923-474A-B243-696B31C5235D}.Debug|Any CPU.ActiveCfg = Debug|Any CPU
		{EA686F44-A923-474A-B243-696B31C5235D}.Debug|Any CPU.Build.0 = Debug|Any CPU
		{EA686F44-A923-474A-B243-696B31C5235D}.Release|Any CPU.ActiveCfg = Release|Any CPU
		{EA686F44-A923-474A-B243-696B31C5235D}.Release|Any CPU.Build.0 = Release|Any CPU
		{B2FEED23-4295-4509-9043-B0C84775D900}.Debug|Any CPU.ActiveCfg = Debug|Any CPU
		{B2FEED23-4295-4509-9043-B0C84775D900}.Debug|Any CPU.Build.0 = Debug|Any CPU
		{B2FEED23-4295-4509-9043-B0C84775D900}.Release|Any CPU.ActiveCfg = Release|Any CPU
		{B2FEED23-4295-4509-9043-B0C84775D900}.Release|Any CPU.Build.0 = Release|Any CPU
		{3237044C-57EB-4F00-A9B9-946858BC15DA}.Debug|Any CPU.ActiveCfg = Debug|Any CPU
		{3237044C-57EB-4F00-A9B9-946858BC15DA}.Debug|Any CPU.Build.0 = Debug|Any CPU
		{3237044C-57EB-4F00-A9B9-946858BC15DA}.Release|Any CPU.ActiveCfg = Release|Any CPU
		{3237044C-57EB-4F00-A9B9-946858BC15DA}.Release|Any CPU.Build.0 = Release|Any CPU
		{28356A50-B3AA-4120-AA44-671DFDF9C002}.Debug|Any CPU.ActiveCfg = Debug|Any CPU
		{28356A50-B3AA-4120-AA44-671DFDF9C002}.Debug|Any CPU.Build.0 = Debug|Any CPU
		{28356A50-B3AA-4120-AA44-671DFDF9C002}.Release|Any CPU.ActiveCfg = Release|Any CPU
		{28356A50-B3AA-4120-AA44-671DFDF9C002}.Release|Any CPU.Build.0 = Release|Any CPU
		{AFA48EE9-0DCE-4B84-9FBC-FAAF9DE27A3B}.Debug|Any CPU.ActiveCfg = Debug|Any CPU
		{AFA48EE9-0DCE-4B84-9FBC-FAAF9DE27A3B}.Debug|Any CPU.Build.0 = Debug|Any CPU
		{AFA48EE9-0DCE-4B84-9FBC-FAAF9DE27A3B}.Release|Any CPU.ActiveCfg = Release|Any CPU
		{AFA48EE9-0DCE-4B84-9FBC-FAAF9DE27A3B}.Release|Any CPU.Build.0 = Release|Any CPU
	EndGlobalSection
	GlobalSection(NestedProjects) = preSolution
		{294C26DA-185A-4732-ACBA-27B9E972D2BD} = {16F51B56-3906-4533-B844-A3206E38FC00}
		{51B5BDE1-C6E6-4567-8375-05730A723AD9} = {294C26DA-185A-4732-ACBA-27B9E972D2BD}
		{74B956C1-A535-47BF-833D-04B5707CBE70} = {16F51B56-3906-4533-B844-A3206E38FC00}
		{A6F9DEF4-B477-43B2-BB63-A9F030F0A4DC} = {74B956C1-A535-47BF-833D-04B5707CBE70}
		{46F7897C-E764-4B54-8F4D-98A8D25337CB} = {16F51B56-3906-4533-B844-A3206E38FC00}
		{0338449E-C9D4-47F7-88EA-98308EB2AFD9} = {46F7897C-E764-4B54-8F4D-98A8D25337CB}
		{6F1F3F3F-F8E2-41A3-9B0C-C7FD87D09B4C} = {0338449E-C9D4-47F7-88EA-98308EB2AFD9}
		{7FB120C1-3D1F-468E-BCB9-1051CC9AB979} = {0338449E-C9D4-47F7-88EA-98308EB2AFD9}
		{2859D0AF-80B7-4D6B-B9B9-678D925CB535} = {46F7897C-E764-4B54-8F4D-98A8D25337CB}
		{95FF25ED-A740-4C0A-A145-634B77640B48} = {2859D0AF-80B7-4D6B-B9B9-678D925CB535}
		{EA686F44-A923-474A-B243-696B31C5235D} = {2859D0AF-80B7-4D6B-B9B9-678D925CB535}
		{F5497DAE-F977-4A69-8BE5-70E2E6ED5053} = {16F51B56-3906-4533-B844-A3206E38FC00}
		{59B95008-CA7D-499F-9E31-F43F7CF32972} = {F5497DAE-F977-4A69-8BE5-70E2E6ED5053}
		{91F3806E-76F1-4396-8A36-AE557C6AD1C4} = {59B95008-CA7D-499F-9E31-F43F7CF32972}
		{B2FEED23-4295-4509-9043-B0C84775D900} = {91F3806E-76F1-4396-8A36-AE557C6AD1C4}
		{3237044C-57EB-4F00-A9B9-946858BC15DA} = {91F3806E-76F1-4396-8A36-AE557C6AD1C4}
		{BE1118AF-A3EF-4CC8-8A77-E3184FD2969D} = {F5497DAE-F977-4A69-8BE5-70E2E6ED5053}
		{7015BCFF-4442-4321-9B3B-A2FFBCCFD040} = {BE1118AF-A3EF-4CC8-8A77-E3184FD2969D}
		{28356A50-B3AA-4120-AA44-671DFDF9C002} = {7015BCFF-4442-4321-9B3B-A2FFBCCFD040}
		{AFA48EE9-0DCE-4B84-9FBC-FAAF9DE27A3B} = {7015BCFF-4442-4321-9B3B-A2FFBCCFD040}
	EndGlobalSection
EndGlobal
